
Microsoft Visual Studio Solution File, Format Version 12.00
# Visual Studio 2013
VisualStudioVersion = 12.0.31101.0
MinimumVisualStudioVersion = 10.0.40219.1
Project("{FAE04EC0-301F-11D3-BF4B-00C04F79EFBC}") = "Lab08b", "Lab08b\Lab08b.csproj", "{9CBFD14E-D652-4957-B432-C9A73EC877DC}"
EndProject
Global
	GlobalSection(SolutionConfigurationPlatforms) = preSolution
		Debug|Any CPU = Debug|Any CPU
		Release|Any CPU = Release|Any CPU
	EndGlobalSection
	GlobalSection(ProjectConfigurationPlatforms) = postSolution
		{9CBFD14E-D652-4957-B432-C9A73EC877DC}.Debug|Any CPU.ActiveCfg = Debug|Any CPU
		{9CBFD14E-D652-4957-B432-C9A73EC877DC}.Debug|Any CPU.Build.0 = Debug|Any CPU
		{9CBFD14E-D652-4957-B432-C9A73EC877DC}.Release|Any CPU.ActiveCfg = Release|Any CPU
		{9CBFD14E-D652-4957-B432-C9A73EC877DC}.Release|Any CPU.Build.0 = Release|Any CPU
	EndGlobalSection
	GlobalSection(SolutionProperties) = preSolution
		HideSolutionNode = FALSE
	EndGlobalSection
EndGlobal
