
Microsoft Visual Studio Solution File, Format Version 12.00
# Visual Studio 2013
VisualStudioVersion = 12.0.31101.0
MinimumVisualStudioVersion = 10.0.40219.1
Project("{FAE04EC0-301F-11D3-BF4B-00C04F79EFBC}") = "Lab07", "Lab07\Lab07.csproj", "{1E10882A-A8F1-4098-B78B-BD4E4F986CEC}"
EndProject
Global
	GlobalSection(SolutionConfigurationPlatforms) = preSolution
		Debug|Any CPU = Debug|Any CPU
		Release|Any CPU = Release|Any CPU
	EndGlobalSection
	GlobalSection(ProjectConfigurationPlatforms) = postSolution
		{1E10882A-A8F1-4098-B78B-BD4E4F986CEC}.Debug|Any CPU.ActiveCfg = Debug|Any CPU
		{1E10882A-A8F1-4098-B78B-BD4E4F986CEC}.Debug|Any CPU.Build.0 = Debug|Any CPU
		{1E10882A-A8F1-4098-B78B-BD4E4F986CEC}.Release|Any CPU.ActiveCfg = Release|Any CPU
		{1E10882A-A8F1-4098-B78B-BD4E4F986CEC}.Release|Any CPU.Build.0 = Release|Any CPU
	EndGlobalSection
	GlobalSection(SolutionProperties) = preSolution
		HideSolutionNode = FALSE
	EndGlobalSection
EndGlobal
